{
  "name": "js-sequence-diagram",
  "version": "1.0.0",
  "lockfileVersion": 1,
  "requires": true,
  "dependencies": {
    "eve": {
      "version": "git://github.com/adobe-webplatform/eve.git#eef80ed8d188423c2272746fb8ae5cc8dad84cb1",
      "from": "git://github.com/adobe-webplatform/eve.git#eef80ed"
    },
    "eve-raphael": {
      "version": "0.5.0",
      "resolved": "https://registry.npmjs.org/eve-raphael/-/eve-raphael-0.5.0.tgz",
      "integrity": "sha1-F8dUt5K+7z+maE15z1pHxjxM2jA="
    },
    "js-sequence-diagrams": {
      "version": "1000000.0.6",
      "resolved": "https://registry.npmjs.org/js-sequence-diagrams/-/js-sequence-diagrams-1000000.0.6.tgz",
      "integrity": "sha1-6V2wFCBHnFzLwSBGrx2kL95knlw=",
      "requires": {
        "raphael": "~2.1.x",
        "underscore": "~1.4.x"
      },
      "dependencies": {
        "raphael": {
          "version": "2.1.4",
          "resolved": "https://registry.npmjs.org/raphael/-/raphael-2.1.4.tgz",
          "integrity": "sha1-sJymZK0Ei4FLsv9dTR51g4yrnJc=",
          "requires": {
            "eve": "git://github.com/adobe-webplatform/eve.git#eef80ed8d188423c2272746fb8ae5cc8dad84cb1"
          }
        },
        "underscore": {
          "version": "1.4.4",
          "resolved": "https://registry.npmjs.org/underscore/-/underscore-1.4.4.tgz",
          "integrity": "sha1-YaajIBBiKvoHljvzJSA88SI51gQ="
        }
      }
    },
    "raphael": {
      "version": "2.2.7",
      "resolved": "https://registry.npmjs.org/raphael/-/raphael-2.2.7.tgz",
      "integrity": "sha1-IxsZFB+NCGmG2PrOtm+LVi7iyBA=",
      "requires": {
        "eve-raphael": "0.5.0"
      }
    },
    "underscore": {
      "version": "1.9.1",
      "resolved": "https://registry.npmjs.org/underscore/-/underscore-1.9.1.tgz",
      "integrity": "sha512-5/4etnCkd9c8gwgowi5/om/mYO5ajCaOgdzj/oW+0eQV9WxKBDZw5+ycmKmeaTXjInS/W0BzpGLo2xR2aBwZdg=="
    }
  }
}
